Microsoft Visual Studio Solution File, Format Version 11.00
# Visual Studio 2008

Project("{64028C7A-57B2-4D47-F04C-58BAD0BA5509}") = "githubtest1", "Assembly-CSharp.csproj", "{21DD39EA-0D16-3483-B515-1AE4F7C07266}"
EndProject
Global
	GlobalSection(SolutionConfigurationPlatforms) = preSolution
		Debug|Any CPU = Debug|Any CPU
		Release|Any CPU = Release|Any CPU
	EndGlobalSection
	GlobalSection(ProjectConfigurationPlatforms) = postSolution
		{21DD39EA-0D16-3483-B515-1AE4F7C07266}.Debug|Any CPU.ActiveCfg = Debug|Any CPU
		{21DD39EA-0D16-3483-B515-1AE4F7C07266}.Debug|Any CPU.Build.0 = Debug|Any CPU
		{21DD39EA-0D16-3483-B515-1AE4F7C07266}.Release|Any CPU.ActiveCfg = Release|Any CPU
		{21DD39EA-0D16-3483-B515-1AE4F7C07266}.Release|Any CPU.Build.0 = Release|Any CPU
	EndGlobalSection
	GlobalSection(SolutionProperties) = preSolution
		HideSolutionNode = FALSE
	EndGlobalSection
	GlobalSection(MonoDevelopProperties) = preSolution
		StartupItem = Assembly-CSharp.csproj
	EndGlobalSection
EndGlobal
